
Microsoft Visual Studio Solution File, Format Version 12.00
# Visual Studio Version 16
VisualStudioVersion = 16.0.29911.84
MinimumVisualStudioVersion = 10.0.40219.1
Project("{FAE04EC0-301F-11D3-BF4B-00C04F79EFBC}") = "kolokwium_probne", "kolokwium_probne.csproj", "{59B11BFD-CA00-4099-B7D1-F923ED2C8ACD}"
EndProject
Global
	GlobalSection(SolutionConfigurationPlatforms) = preSolution
		Debug|Any CPU = Debug|Any CPU
		Release|Any CPU = Release|Any CPU
	EndGlobalSection
	GlobalSection(ProjectConfigurationPlatforms) = postSolution
		{59B11BFD-CA00-4099-B7D1-F923ED2C8ACD}.Debug|Any CPU.ActiveCfg = Debug|Any CPU
		{59B11BFD-CA00-4099-B7D1-F923ED2C8ACD}.Debug|Any CPU.Build.0 = Debug|Any CPU
		{59B11BFD-CA00-4099-B7D1-F923ED2C8ACD}.Release|Any CPU.ActiveCfg = Release|Any CPU
		{59B11BFD-CA00-4099-B7D1-F923ED2C8ACD}.Release|Any CPU.Build.0 = Release|Any CPU
	EndGlobalSection
	GlobalSection(SolutionProperties) = preSolution
		HideSolutionNode = FALSE
	EndGlobalSection
	GlobalSection(ExtensibilityGlobals) = postSolution
		SolutionGuid = {F8694939-D875-4F4E-AECA-E9A3C67EC029}
	EndGlobalSection
EndGlobal
